
Microsoft Visual Studio Solution File, Format Version 12.00
# Visual Studio Version 16
VisualStudioVersion = 16.0.29503.13
MinimumVisualStudioVersion = 10.0.40219.1
Project("{FAE04EC0-301F-11D3-BF4B-00C04F79EFBC}") = "TicTacToe", "TicTacToe\TicTacToe.csproj", "{89EABB29-56F5-401F-9520-BF6A62369F81}"
EndProject
Global
	GlobalSection(SolutionConfigurationPlatforms) = preSolution
		Debug|Any CPU = Debug|Any CPU
		Release|Any CPU = Release|Any CPU
	EndGlobalSection
	GlobalSection(ProjectConfigurationPlatforms) = postSolution
		{89EABB29-56F5-401F-9520-BF6A62369F81}.Debug|Any CPU.ActiveCfg = Debug|Any CPU
		{89EABB29-56F5-401F-9520-BF6A62369F81}.Debug|Any CPU.Build.0 = Debug|Any CPU
		{89EABB29-56F5-401F-9520-BF6A62369F81}.Release|Any CPU.ActiveCfg = Release|Any CPU
		{89EABB29-56F5-401F-9520-BF6A62369F81}.Release|Any CPU.Build.0 = Release|Any CPU
	EndGlobalSection
	GlobalSection(SolutionProperties) = preSolution
		HideSolutionNode = FALSE
	EndGlobalSection
	GlobalSection(ExtensibilityGlobals) = postSolution
		SolutionGuid = {FC2EEF56-1FC7-432A-A85E-0C4FA33F8EDF}
	EndGlobalSection
EndGlobal
